<?xml version="1.0" encoding="utf-8"?>
<Project ToolsVersion="4.0" xmlns="http://schemas.microsoft.com/developer/msbuild/2003">
  <ItemGroup>
    <Filter Include="소스 파일">
      <UniqueIdentifier>{4FC737F1-C7A5-4376-A066-2A32D752A2FF}</UniqueIdentifier>
      <Extensions>cpp;c;cc;cxx;def;odl;idl;hpj;bat;asm;asmx</Extensions>
    </Filter>
    <Filter Include="헤더 파일">
      <UniqueIdentifier>{93995380-89BD-4b04-88EB-625FBE52EBFB}</UniqueIdentifier>
      <Extensions>h;hh;hpp;hxx;hm;inl;inc;xsd</Extensions>
    </Filter>
    <Filter Include="리소스 파일">
      <UniqueIdentifier>{67DA6AB6-F800-4c08-8B7A-83BB121AAD01}</UniqueIdentifier>
      <Extensions>rc;ico;cur;bmp;dlg;rc2;rct;bin;rgs;gif;jpg;jpeg;jpe;resx;tiff;tif;png;wav;mfcribbon-ms</Extensions>
    </Filter>
    <Filter Include="Shader">
      <UniqueIdentifier>{1c7beaad-f823-4265-92fd-e0b2f8e7bf7b}</UniqueIdentifier>
    </Filter>
    <Filter Include="Device">
      <UniqueIdentifier>{899c1653-6c50-4de8-82b0-cb0b725f7bd3}</UniqueIdentifier>
    </Filter>
    <Filter Include="App">
      <UniqueIdentifier>{1b53fcac-360f-4f28-9f53-be0f9c53563a}</UniqueIdentifier>
    </Filter>
    <Filter Include="DxResource">
      <UniqueIdentifier>{079d2119-b5ab-4b5f-8a5d-4d1c81cdbf4c}</UniqueIdentifier>
    </Filter>
  </ItemGroup>
  <ItemGroup>
    <Text Include="ReadMe.txt" />
  </ItemGroup>
  <ItemGroup>
    <ClInclude Include="stdafx.h">
      <Filter>헤더 파일</Filter>
    </ClInclude>
    <ClInclude Include="targetver.h">
      <Filter>헤더 파일</Filter>
    </ClInclude>
    <ClInclude Include="Resource.h">
      <Filter>헤더 파일</Filter>
    </ClInclude>
    <ClInclude Include="BasicDx11.h">
      <Filter>헤더 파일</Filter>
    </ClInclude>
    <ClInclude Include="DeviceDx11.h">
      <Filter>Device</Filter>
    </ClInclude>
    <ClInclude Include="BaseApp.h">
      <Filter>App</Filter>
    </ClInclude>
    <ClInclude Include="BaseValue.h">
      <Filter>헤더 파일</Filter>
    </ClInclude>
    <ClInclude Include="BaseShader.h">
      <Filter>Shader</Filter>
    </ClInclude>
    <ClInclude Include="CommonUse.h">
      <Filter>헤더 파일</Filter>
    </ClInclude>
    <ClInclude Include="BaseResource.h">
      <Filter>DxResource</Filter>
    </ClInclude>
  </ItemGroup>
  <ItemGroup>
    <ClCompile Include="stdafx.cpp">
      <Filter>소스 파일</Filter>
    </ClCompile>
    <ClCompile Include="BasicDx11.cpp">
      <Filter>소스 파일</Filter>
    </ClCompile>
    <ClCompile Include="DeviceDx11.cpp">
      <Filter>Device</Filter>
    </ClCompile>
    <ClCompile Include="Singleton.h">
      <Filter>소스 파일</Filter>
    </ClCompile>
    <ClCompile Include="BaseApp.cpp">
      <Filter>App</Filter>
    </ClCompile>
    <ClCompile Include="BaseShader.cpp">
      <Filter>Shader</Filter>
    </ClCompile>
    <ClCompile Include="BaseResource.cpp">
      <Filter>DxResource</Filter>
    </ClCompile>
  </ItemGroup>
  <ItemGroup>
    <ResourceCompile Include="BasicDx11.rc">
      <Filter>리소스 파일</Filter>
    </ResourceCompile>
  </ItemGroup>
  <ItemGroup>
    <Image Include="small.ico">
      <Filter>리소스 파일</Filter>
    </Image>
    <Image Include="BasicDx11.ico">
      <Filter>리소스 파일</Filter>
    </Image>
  </ItemGroup>
  <ItemGroup>
    <FxCompile Include="Tutorial03.fx">
      <Filter>Shader</Filter>
    </FxCompile>
  </ItemGroup>
</Project>